// !$*UTF8*$!
{
	archiveVersion = 1;
	classes = {
	};
	objectVersion = 56;
	objects = {

/* Begin PBXBuildFile section */
		6A377A4B2B1BB239009E296C /* SpeechRecognizer.swift in Sources */ = {isa = PBXBuildFile; fileRef = 6A377A4A2B1BB239009E296C /* SpeechRecognizer.swift */; };
		6A4333552B25FFB9005B1DF3 /* Localizable.strings in Resources */ = {isa = PBXBuildFile; fileRef = 6A4333572B25FFB9005B1DF3 /* Localizable.strings */; };
		6A6A893B2B026905001B821D /* EventCardView.swift in Sources */ = {isa = PBXBuildFile; fileRef = 6A6A893A2B026905001B821D /* EventCardView.swift */; };
		6A6A893D2B027331001B821D /* DetailView.swift in Sources */ = {isa = PBXBuildFile; fileRef = 6A6A893C2B027331001B821D /* DetailView.swift */; };
		6A8AE9B62B0BAC8900593D04 /* CategoriesView.swift in Sources */ = {isa = PBXBuildFile; fileRef = 6A8AE9B52B0BAC8900593D04 /* CategoriesView.swift */; };
		6A8AE9B82B0BCD8B00593D04 /* InfoView.swift in Sources */ = {isa = PBXBuildFile; fileRef = 6A8AE9B72B0BCD8B00593D04 /* InfoView.swift */; };
		6A9F38192B001C7C00099E26 /* Api.swift in Sources */ = {isa = PBXBuildFile; fileRef = 6A9F38182B001C7C00099E26 /* Api.swift */; };
		6ABF94432B094233004FDD89 /* DetailCardView.swift in Sources */ = {isa = PBXBuildFile; fileRef = 6ABF94422B094233004FDD89 /* DetailCardView.swift */; };
		6ACC565D2B03D5E6000DF8D6 /* SideMenuView.swift in Sources */ = {isa = PBXBuildFile; fileRef = 6ACC565C2B03D5E6000DF8D6 /* SideMenuView.swift */; };
		6AD03EF72AFD03D90028A6A3 /* Event_AppApp.swift in Sources */ = {isa = PBXBuildFile; fileRef = 6AD03EF62AFD03D90028A6A3 /* Event_AppApp.swift */; };
		6AD03EF92AFD03D90028A6A3 /* ContentView.swift in Sources */ = {isa = PBXBuildFile; fileRef = 6AD03EF82AFD03D90028A6A3 /* ContentView.swift */; };
		6AD03EFB2AFD03DC0028A6A3 /* Assets.xcassets in Resources */ = {isa = PBXBuildFile; fileRef = 6AD03EFA2AFD03DC0028A6A3 /* Assets.xcassets */; };
		6AD03EFE2AFD03DC0028A6A3 /* Preview Assets.xcassets in Resources */ = {isa = PBXBuildFile; fileRef = 6AD03EFD2AFD03DC0028A6A3 /* Preview Assets.xcassets */; };
		6AD03F052AFED3E80028A6A3 /* ContentView2.swift in Sources */ = {isa = PBXBuildFile; fileRef = 6AD03F042AFED3E80028A6A3 /* ContentView2.swift */; };
		6AE0A9582B052C2700AC3128 /* SettingsView.swift in Sources */ = {isa = PBXBuildFile; fileRef = 6AE0A9572B052C2700AC3128 /* SettingsView.swift */; };
/* End PBXBuildFile section */

/* Begin PBXFileReference section */
		6A377A4A2B1BB239009E296C /* SpeechRecognizer.swift */ = {isa = PBXFileReference; lastKnownFileType = sourcecode.swift; path = SpeechRecognizer.swift; sourceTree = "<group>"; };
		6A4333562B25FFB9005B1DF3 /* en */ = {isa = PBXFileReference; lastKnownFileType = text.plist.strings; name = en; path = en.lproj/Localizable.strings; sourceTree = "<group>"; };
		6A4333582B25FFBC005B1DF3 /* fi */ = {isa = PBXFileReference; lastKnownFileType = text.plist.strings; name = fi; path = fi.lproj/Localizable.strings; sourceTree = "<group>"; };
		6A6A893A2B026905001B821D /* EventCardView.swift */ = {isa = PBXFileReference; lastKnownFileType = sourcecode.swift; path = EventCardView.swift; sourceTree = "<group>"; };
		6A6A893C2B027331001B821D /* DetailView.swift */ = {isa = PBXFileReference; lastKnownFileType = sourcecode.swift; path = DetailView.swift; sourceTree = "<group>"; };
		6A8AE9B52B0BAC8900593D04 /* CategoriesView.swift */ = {isa = PBXFileReference; lastKnownFileType = sourcecode.swift; path = CategoriesView.swift; sourceTree = "<group>"; };
		6A8AE9B72B0BCD8B00593D04 /* InfoView.swift */ = {isa = PBXFileReference; lastKnownFileType = sourcecode.swift; path = InfoView.swift; sourceTree = "<group>"; };
		6A9F38182B001C7C00099E26 /* Api.swift */ = {isa = PBXFileReference; lastKnownFileType = sourcecode.swift; path = Api.swift; sourceTree = "<group>"; };
		6ABF94422B094233004FDD89 /* DetailCardView.swift */ = {isa = PBXFileReference; lastKnownFileType = sourcecode.swift; path = DetailCardView.swift; sourceTree = "<group>"; };
		6ACC565C2B03D5E6000DF8D6 /* SideMenuView.swift */ = {isa = PBXFileReference; lastKnownFileType = sourcecode.swift; path = SideMenuView.swift; sourceTree = "<group>"; };
		6AD03EF32AFD03D90028A6A3 /* Event_App.app */ = {isa = PBXFileReference; explicitFileType = wrapper.application; includeInIndex = 0; path = Event_App.app; sourceTree = BUILT_PRODUCTS_DIR; };
		6AD03EF62AFD03D90028A6A3 /* Event_AppApp.swift */ = {isa = PBXFileReference; lastKnownFileType = sourcecode.swift; path = Event_AppApp.swift; sourceTree = "<group>"; };
		6AD03EF82AFD03D90028A6A3 /* ContentView.swift */ = {isa = PBXFileReference; lastKnownFileType = sourcecode.swift; path = ContentView.swift; sourceTree = "<group>"; };
		6AD03EFA2AFD03DC0028A6A3 /* Assets.xcassets */ = {isa = PBXFileReference; lastKnownFileType = folder.assetcatalog; path = Assets.xcassets; sourceTree = "<group>"; };
		6AD03EFD2AFD03DC0028A6A3 /* Preview Assets.xcassets */ = {isa = PBXFileReference; lastKnownFileType = folder.assetcatalog; path = "Preview Assets.xcassets"; sourceTree = "<group>"; };
		6AD03F042AFED3E80028A6A3 /* ContentView2.swift */ = {isa = PBXFileReference; lastKnownFileType = sourcecode.swift; path = ContentView2.swift; sourceTree = "<group>"; };
		6AE0A9572B052C2700AC3128 /* SettingsView.swift */ = {isa = PBXFileReference; lastKnownFileType = sourcecode.swift; path = SettingsView.swift; sourceTree = "<group>"; };
/* End PBXFileReference section */

/* Begin PBXFrameworksBuildPhase section */
		6AD03EF02AFD03D90028A6A3 /* Frameworks */ = {
			isa = PBXFrameworksBuildPhase;
			buildActionMask = 2147483647;
			files = (
			);
			runOnlyForDeploymentPostprocessing = 0;
		};
/* End PBXFrameworksBuildPhase section */

/* Begin PBXGroup section */
		6A6A89392B026865001B821D /* views */ = {
			isa = PBXGroup;
			children = (
				6AD03EF82AFD03D90028A6A3 /* ContentView.swift */,
				6AD03F042AFED3E80028A6A3 /* ContentView2.swift */,
				6A6A893A2B026905001B821D /* EventCardView.swift */,
				6ACC565C2B03D5E6000DF8D6 /* SideMenuView.swift */,
				6A6A893C2B027331001B821D /* DetailView.swift */,
				6ABF94422B094233004FDD89 /* DetailCardView.swift */,
				6AE0A9572B052C2700AC3128 /* SettingsView.swift */,
				6A8AE9B52B0BAC8900593D04 /* CategoriesView.swift */,
				6A8AE9B72B0BCD8B00593D04 /* InfoView.swift */,
			);
			path = views;
			sourceTree = "<group>";
		};
		6AD03EEA2AFD03D90028A6A3 = {
			isa = PBXGroup;
			children = (
				6AD03EF52AFD03D90028A6A3 /* Event_App */,
				6AD03EF42AFD03D90028A6A3 /* Products */,
			);
			sourceTree = "<group>";
		};
		6AD03EF42AFD03D90028A6A3 /* Products */ = {
			isa = PBXGroup;
			children = (
				6AD03EF32AFD03D90028A6A3 /* Event_App.app */,
			);
			name = Products;
			sourceTree = "<group>";
		};
		6AD03EF52AFD03D90028A6A3 /* Event_App */ = {
			isa = PBXGroup;
			children = (
				6A6A89392B026865001B821D /* views */,
				6AD03EF62AFD03D90028A6A3 /* Event_AppApp.swift */,
				6AD03EFA2AFD03DC0028A6A3 /* Assets.xcassets */,
				6AD03EFC2AFD03DC0028A6A3 /* Preview Content */,
				6A9F38182B001C7C00099E26 /* Api.swift */,
				6A377A4A2B1BB239009E296C /* SpeechRecognizer.swift */,
				6A4333572B25FFB9005B1DF3 /* Localizable.strings */,
			);
			path = Event_App;
			sourceTree = "<group>";
		};
		6AD03EFC2AFD03DC0028A6A3 /* Preview Content */ = {
			isa = PBXGroup;
			children = (
				6AD03EFD2AFD03DC0028A6A3 /* Preview Assets.xcassets */,
			);
			path = "Preview Content";
			sourceTree = "<group>";
		};
/* End PBXGroup section */

/* Begin PBXNativeTarget section */
		6AD03EF22AFD03D90028A6A3 /* Event_App */ = {
			isa = PBXNativeTarget;
			buildConfigurationList = 6AD03F012AFD03DC0028A6A3 /* Build configuration list for PBXNativeTarget "Event_App" */;
			buildPhases = (
				6AD03EEF2AFD03D90028A6A3 /* Sources */,
				6AD03EF02AFD03D90028A6A3 /* Frameworks */,
				6AD03EF12AFD03D90028A6A3 /* Resources */,
			);
			buildRules = (
			);
			dependencies = (
			);
			name = Event_App;
			productName = Event_App;
			productReference = 6AD03EF32AFD03D90028A6A3 /* Event_App.app */;
			productType = "com.apple.product-type.application";
		};
/* End PBXNativeTarget section */

/* Begin PBXProject section */
		6AD03EEB2AFD03D90028A6A3 /* Project object */ = {
			isa = PBXProject;
			attributes = {
				BuildIndependentTargetsInParallel = 1;
				LastSwiftUpdateCheck = 1430;
				LastUpgradeCheck = 1430;
				TargetAttributes = {
					6AD03EF22AFD03D90028A6A3 = {
						CreatedOnToolsVersion = 14.3.1;
					};
				};
			};
			buildConfigurationList = 6AD03EEE2AFD03D90028A6A3 /* Build configuration list for PBXProject "Event_App" */;
			compatibilityVersion = "Xcode 14.0";
			developmentRegion = en;
			hasScannedForEncodings = 0;
			knownRegions = (
				en,
				Base,
				fi,
			);
			mainGroup = 6AD03EEA2AFD03D90028A6A3;
			productRefGroup = 6AD03EF42AFD03D90028A6A3 /* Products */;
			projectDirPath = "";
			projectRoot = "";
			targets = (
				6AD03EF22AFD03D90028A6A3 /* Event_App */,
			);
		};
/* End PBXProject section */

/* Begin PBXResourcesBuildPhase section */
		6AD03EF12AFD03D90028A6A3 /* Resources */ = {
			isa = PBXResourcesBuildPhase;
			buildActionMask = 2147483647;
			files = (
				6AD03EFE2AFD03DC0028A6A3 /* Preview Assets.xcassets in Resources */,
				6A4333552B25FFB9005B1DF3 /* Localizable.strings in Resources */,
				6AD03EFB2AFD03DC0028A6A3 /* Assets.xcassets in Resources */,
			);
			runOnlyForDeploymentPostprocessing = 0;
		};
/* End PBXResourcesBuildPhase section */

/* Begin PBXSourcesBuildPhase section */
		6AD03EEF2AFD03D90028A6A3 /* Sources */ = {
			isa = PBXSourcesBuildPhase;
			buildActionMask = 2147483647;
			files = (
				6AD03F052AFED3E80028A6A3 /* ContentView2.swift in Sources */,
				6AE0A9582B052C2700AC3128 /* SettingsView.swift in Sources */,
				6A377A4B2B1BB239009E296C /* SpeechRecognizer.swift in Sources */,
				6ACC565D2B03D5E6000DF8D6 /* SideMenuView.swift in Sources */,
				6A6A893D2B027331001B821D /* DetailView.swift in Sources */,
				6AD03EF92AFD03D90028A6A3 /* ContentView.swift in Sources */,
				6A8AE9B62B0BAC8900593D04 /* CategoriesView.swift in Sources */,
				6A9F38192B001C7C00099E26 /* Api.swift in Sources */,
				6AD03EF72AFD03D90028A6A3 /* Event_AppApp.swift in Sources */,
				6A8AE9B82B0BCD8B00593D04 /* InfoView.swift in Sources */,
				6A6A893B2B026905001B821D /* EventCardView.swift in Sources */,
				6ABF94432B094233004FDD89 /* DetailCardView.swift in Sources */,
			);
			runOnlyForDeploymentPostprocessing = 0;
		};
/* End PBXSourcesBuildPhase section */

/* Begin PBXVariantGroup section */
		6A4333572B25FFB9005B1DF3 /* Localizable.strings */ = {
			isa = PBXVariantGroup;
			children = (
				6A4333562B25FFB9005B1DF3 /* en */,
				6A4333582B25FFBC005B1DF3 /* fi */,
			);
			name = Localizable.strings;
			sourceTree = "<group>";
		};
/* End PBXVariantGroup section */

/* Begin XCBuildConfiguration section */
		6AD03EFF2AFD03DC0028A6A3 /* Debug */ = {
			isa = XCBuildConfiguration;
			buildSettings = {
				ALWAYS_SEARCH_USER_PATHS = NO;
				CLANG_ANALYZER_NONNULL = YES;
				CLANG_ANALYZER_NUMBER_OBJECT_CONVERSION = YES_AGGRESSIVE;
				CLANG_CXX_LANGUAGE_STANDARD = "gnu++20";
				CLANG_ENABLE_MODULES = YES;
				CLANG_ENABLE_OBJC_ARC = YES;
				CLANG_ENABLE_OBJC_WEAK = YES;
				CLANG_WARN_BLOCK_CAPTURE_AUTORELEASING = YES;
				CLANG_WARN_BOOL_CONVERSION = YES;
				CLANG_WARN_COMMA = YES;
				CLANG_WARN_CONSTANT_CONVERSION = YES;
				CLANG_WARN_DEPRECATED_OBJC_IMPLEMENTATIONS = YES;
				CLANG_WARN_DIRECT_OBJC_ISA_USAGE = YES_ERROR;
				CLANG_WARN_DOCUMENTATION_COMMENTS = YES;
				CLANG_WARN_EMPTY_BODY = YES;
				CLANG_WARN_ENUM_CONVERSION = YES;
				CLANG_WARN_INFINITE_RECURSION = YES;
				CLANG_WARN_INT_CONVERSION = YES;
				CLANG_WARN_NON_LITERAL_NULL_CONVERSION = YES;
				CLANG_WARN_OBJC_IMPLICIT_RETAIN_SELF = YES;
				CLANG_WARN_OBJC_LITERAL_CONVERSION = YES;
				CLANG_WARN_OBJC_ROOT_CLASS = YES_ERROR;
				CLANG_WARN_QUOTED_INCLUDE_IN_FRAMEWORK_HEADER = YES;
				CLANG_WARN_RANGE_LOOP_ANALYSIS = YES;
				CLANG_WARN_STRICT_PROTOTYPES = YES;
				CLANG_WARN_SUSPICIOUS_MOVE = YES;
				CLANG_WARN_UNGUARDED_AVAILABILITY = YES_AGGRESSIVE;
				CLANG_WARN_UNREACHABLE_CODE = YES;
				CLANG_WARN__DUPLICATE_METHOD_MATCH = YES;
				COPY_PHASE_STRIP = NO;
				DEBUG_INFORMATION_FORMAT = dwarf;
				ENABLE_STRICT_OBJC_MSGSEND = YES;
				ENABLE_TESTABILITY = YES;
				GCC_C_LANGUAGE_STANDARD = gnu11;
				GCC_DYNAMIC_NO_PIC = NO;
				GCC_NO_COMMON_BLOCKS = YES;
				GCC_OPTIMIZATION_LEVEL = 0;
				GCC_PREPROCESSOR_DEFINITIONS = (
					"DEBUG=1",
					"$(inherited)",
				);
				GCC_WARN_64_TO_32_BIT_CONVERSION = YES;
				GCC_WARN_ABOUT_RETURN_TYPE = YES_ERROR;
				GCC_WARN_UNDECLARED_SELECTOR = YES;
				GCC_WARN_UNINITIALIZED_AUTOS = YES_AGGRESSIVE;
				GCC_WARN_UNUSED_FUNCTION = YES;
				GCC_WARN_UNUSED_VARIABLE = YES;
				IPHONEOS_DEPLOYMENT_TARGET = 16.4;
				MTL_ENABLE_DEBUG_INFO = INCLUDE_SOURCE;
				MTL_FAST_MATH = YES;
				ONLY_ACTIVE_ARCH = YES;
				SDKROOT = iphoneos;
				SWIFT_ACTIVE_COMPILATION_CONDITIONS = DEBUG;
				SWIFT_OPTIMIZATION_LEVEL = "-Onone";
			};
			name = Debug;
		};
		6AD03F002AFD03DC0028A6A3 /* Release */ = {
			isa = XCBuildConfiguration;
			buildSettings = {
				ALWAYS_SEARCH_USER_PATHS = NO;
				CLANG_ANALYZER_NONNULL = YES;
				CLANG_ANALYZER_NUMBER_OBJECT_CONVERSION = YES_AGGRESSIVE;
				CLANG_CXX_LANGUAGE_STANDARD = "gnu++20";
				CLANG_ENABLE_MODULES = YES;
				CLANG_ENABLE_OBJC_ARC = YES;
				CLANG_ENABLE_OBJC_WEAK = YES;
				CLANG_WARN_BLOCK_CAPTURE_AUTORELEASING = YES;
				CLANG_WARN_BOOL_CONVERSION = YES;
				CLANG_WARN_COMMA = YES;
				CLANG_WARN_CONSTANT_CONVERSION = YES;
				CLANG_WARN_DEPRECATED_OBJC_IMPLEMENTATIONS = YES;
				CLANG_WARN_DIRECT_OBJC_ISA_USAGE = YES_ERROR;
				CLANG_WARN_DOCUMENTATION_COMMENTS = YES;
				CLANG_WARN_EMPTY_BODY = YES;
				CLANG_WARN_ENUM_CONVERSION = YES;
				CLANG_WARN_INFINITE_RECURSION = YES;
				CLANG_WARN_INT_CONVERSION = YES;
				CLANG_WARN_NON_LITERAL_NULL_CONVERSION = YES;
				CLANG_WARN_OBJC_IMPLICIT_RETAIN_SELF = YES;
				CLANG_WARN_OBJC_LITERAL_CONVERSION = YES;
				CLANG_WARN_OBJC_ROOT_CLASS = YES_ERROR;
				CLANG_WARN_QUOTED_INCLUDE_IN_FRAMEWORK_HEADER = YES;
				CLANG_WARN_RANGE_LOOP_ANALYSIS = YES;
				CLANG_WARN_STRICT_PROTOTYPES = YES;
				CLANG_WARN_SUSPICIOUS_MOVE = YES;
				CLANG_WARN_UNGUARDED_AVAILABILITY = YES_AGGRESSIVE;
				CLANG_WARN_UNREACHABLE_CODE = YES;
				CLANG_WARN__DUPLICATE_METHOD_MATCH = YES;
				COPY_PHASE_STRIP = NO;
				DEBUG_INFORMATION_FORMAT = "dwarf-with-dsym";
				ENABLE_NS_ASSERTIONS = NO;
				ENABLE_STRICT_OBJC_MSGSEND = YES;
				GCC_C_LANGUAGE_STANDARD = gnu11;
				GCC_NO_COMMON_BLOCKS = YES;
				GCC_WARN_64_TO_32_BIT_CONVERSION = YES;
				GCC_WARN_ABOUT_RETURN_TYPE = YES_ERROR;
				GCC_WARN_UNDECLARED_SELECTOR = YES;
				GCC_WARN_UNINITIALIZED_AUTOS = YES_AGGRESSIVE;
				GCC_WARN_UNUSED_FUNCTION = YES;
				GCC_WARN_UNUSED_VARIABLE = YES;
				IPHONEOS_DEPLOYMENT_TARGET = 16.4;
				MTL_ENABLE_DEBUG_INFO = NO;
				MTL_FAST_MATH = YES;
				SDKROOT = iphoneos;
				SWIFT_COMPILATION_MODE = wholemodule;
				SWIFT_OPTIMIZATION_LEVEL = "-O";
				VALIDATE_PRODUCT = YES;
			};
			name = Release;
		};
		6AD03F022AFD03DC0028A6A3 /* Debug */ = {
			isa = XCBuildConfiguration;
			buildSettings = {
				ASSETCATALOG_COMPILER_APPICON_NAME = AppIcon;
				ASSETCATALOG_COMPILER_GLOBAL_ACCENT_COLOR_NAME = AccentColor;
				CODE_SIGN_STYLE = Automatic;
				CURRENT_PROJECT_VERSION = 1;
				DEVELOPMENT_ASSET_PATHS = "\"Event_App/Preview Content\"";
				ENABLE_PREVIEWS = YES;
				GENERATE_INFOPLIST_FILE = YES;
				INFOPLIST_KEY_NSMicrophoneUsageDescription = "Audio is recorded to use the speech search feature.";
				INFOPLIST_KEY_NSSpeechRecognitionUsageDescription = "You can use search features with speech.";
				INFOPLIST_KEY_UIApplicationSceneManifest_Generation = YES;
				INFOPLIST_KEY_UIApplicationSupportsIndirectInputEvents = YES;
				INFOPLIST_KEY_UILaunchScreen_Generation = YES;
				INFOPLIST_KEY_UISupportedInterfaceOrientations_iPad = "UIInterfaceOrientationPortrait UIInterfaceOrientationPortraitUpsideDown UIInterfaceOrientationLandscapeLeft UIInterfaceOrientationLandscapeRight";
				INFOPLIST_KEY_UISupportedInterfaceOrientations_iPhone = "UIInterfaceOrientationPortrait UIInterfaceOrientationLandscapeLeft UIInterfaceOrientationLandscapeRight";
				LD_RUNPATH_SEARCH_PATHS = (
					"$(inherited)",
					"@executable_path/Frameworks",
				);
				MARKETING_VERSION = 1.0;
				PRODUCT_BUNDLE_IDENTIFIER = "whatever.org.Event-App";
				PRODUCT_NAME = "$(TARGET_NAME)";
				SWIFT_EMIT_LOC_STRINGS = YES;
				SWIFT_VERSION = 5.0;
				TARGETED_DEVICE_FAMILY = "1,2";
			};
			name = Debug;
		};
		6AD03F032AFD03DC0028A6A3 /* Release */ = {
			isa = XCBuildConfiguration;
			buildSettings = {
				ASSETCATALOG_COMPILER_APPICON_NAME = AppIcon;
				ASSETCATALOG_COMPILER_GLOBAL_ACCENT_COLOR_NAME = AccentColor;
				CODE_SIGN_STYLE = Automatic;
				CURRENT_PROJECT_VERSION = 1;
				DEVELOPMENT_ASSET_PATHS = "\"Event_App/Preview Content\"";
				ENABLE_PREVIEWS = YES;
				GENERATE_INFOPLIST_FILE = YES;
				INFOPLIST_KEY_NSMicrophoneUsageDescription = "Audio is recorded to use the speech search feature.";
				INFOPLIST_KEY_NSSpeechRecognitionUsageDescription = "You can use search features with speech.";
				INFOPLIST_KEY_UIApplicationSceneManifest_Generation = YES;
				INFOPLIST_KEY_UIApplicationSupportsIndirectInputEvents = YES;
				INFOPLIST_KEY_UILaunchScreen_Generation = YES;
				INFOPLIST_KEY_UISupportedInterfaceOrientations_iPad = "UIInterfaceOrientationPortrait UIInterfaceOrientationPortraitUpsideDown UIInterfaceOrientationLandscapeLeft UIInterfaceOrientationLandscapeRight";
				INFOPLIST_KEY_UISupportedInterfaceOrientations_iPhone = "UIInterfaceOrientationPortrait UIInterfaceOrientationLandscapeLeft UIInterfaceOrientationLandscapeRight";
				LD_RUNPATH_SEARCH_PATHS = (
					"$(inherited)",
					"@executable_path/Frameworks",
				);
				MARKETING_VERSION = 1.0;
				PRODUCT_BUNDLE_IDENTIFIER = "whatever.org.Event-App";
				PRODUCT_NAME = "$(TARGET_NAME)";
				SWIFT_EMIT_LOC_STRINGS = YES;
				SWIFT_VERSION = 5.0;
				TARGETED_DEVICE_FAMILY = "1,2";
			};
			name = Release;
		};
/* End XCBuildConfiguration section */

/* Begin XCConfigurationList section */
		6AD03EEE2AFD03D90028A6A3 /* Build configuration list for PBXProject "Event_App" */ = {
			isa = XCConfigurationList;
			buildConfigurations = (
				6AD03EFF2AFD03DC0028A6A3 /* Debug */,
				6AD03F002AFD03DC0028A6A3 /* Release */,
			);
			defaultConfigurationIsVisible = 0;
			defaultConfigurationName = Release;
		};
		6AD03F012AFD03DC0028A6A3 /* Build configuration list for PBXNativeTarget "Event_App" */ = {
			isa = XCConfigurationList;
			buildConfigurations = (
				6AD03F022AFD03DC0028A6A3 /* Debug */,
				6AD03F032AFD03DC0028A6A3 /* Release */,
			);
			defaultConfigurationIsVisible = 0;
			defaultConfigurationName = Release;
		};
/* End XCConfigurationList section */
	};
	rootObject = 6AD03EEB2AFD03D90028A6A3 /* Project object */;
}
